
Microsoft Visual Studio Solution File, Format Version 12.00
# Visual Studio Version 17
VisualStudioVersion = 17.12.35707.178
MinimumVisualStudioVersion = 10.0.40219.1
Project("{FAE04EC0-301F-11D3-BF4B-00C04F79EFBC}") = "PortalWeb", "PortalWeb\PortalWeb.csproj", "{01F39F7A-07A1-48F7-B032-7176B683121A}"
EndProject
Project("{FAE04EC0-301F-11D3-BF4B-00C04F79EFBC}") = "PortalWebServer", "PortalWebServer\PortalWebServer.csproj", "{05215AB7-6F57-44A0-A285-70F5E7950BC3}"
EndProject
Global
	GlobalSection(SolutionConfigurationPlatforms) = preSolution
		Debug|Any CPU = Debug|Any CPU
		Release|Any CPU = Release|Any CPU
	EndGlobalSection
	GlobalSection(ProjectConfigurationPlatforms) = postSolution
		{01F39F7A-07A1-48F7-B032-7176B683121A}.Debug|Any CPU.ActiveCfg = Debug|Any CPU
		{01F39F7A-07A1-48F7-B032-7176B683121A}.Debug|Any CPU.Build.0 = Debug|Any CPU
		{01F39F7A-07A1-48F7-B032-7176B683121A}.Release|Any CPU.ActiveCfg = Release|Any CPU
		{01F39F7A-07A1-48F7-B032-7176B683121A}.Release|Any CPU.Build.0 = Release|Any CPU
		{05215AB7-6F57-44A0-A285-70F5E7950BC3}.Debug|Any CPU.ActiveCfg = Debug|Any CPU
		{05215AB7-6F57-44A0-A285-70F5E7950BC3}.Debug|Any CPU.Build.0 = Debug|Any CPU
		{05215AB7-6F57-44A0-A285-70F5E7950BC3}.Release|Any CPU.ActiveCfg = Release|Any CPU
		{05215AB7-6F57-44A0-A285-70F5E7950BC3}.Release|Any CPU.Build.0 = Release|Any CPU
	EndGlobalSection
	GlobalSection(SolutionProperties) = preSolution
		HideSolutionNode = FALSE
	EndGlobalSection
EndGlobal
